
Microsoft Visual Studio Solution File, Format Version 12.00
# Visual Studio Version 17
VisualStudioVersion = 17.0.31912.275
MinimumVisualStudioVersion = 10.0.40219.1
Project("{FAE04EC0-301F-11D3-BF4B-00C04F79EFBC}") = "SMTest", "SMTest\SMTest.csproj", "{7ACE6F70-106A-454A-B273-0A0BDFAC8553}"
EndProject
Global
	GlobalSection(SolutionConfigurationPlatforms) = preSolution
		Debug|Any CPU = Debug|Any CPU
		Release|Any CPU = Release|Any CPU
	EndGlobalSection
	GlobalSection(ProjectConfigurationPlatforms) = postSolution
		{7ACE6F70-106A-454A-B273-0A0BDFAC8553}.Debug|Any CPU.ActiveCfg = Debug|Any CPU
		{7ACE6F70-106A-454A-B273-0A0BDFAC8553}.Debug|Any CPU.Build.0 = Debug|Any CPU
		{7ACE6F70-106A-454A-B273-0A0BDFAC8553}.Release|Any CPU.ActiveCfg = Release|Any CPU
		{7ACE6F70-106A-454A-B273-0A0BDFAC8553}.Release|Any CPU.Build.0 = Release|Any CPU
	EndGlobalSection
	GlobalSection(SolutionProperties) = preSolution
		HideSolutionNode = FALSE
	EndGlobalSection
	GlobalSection(ExtensibilityGlobals) = postSolution
		SolutionGuid = {1E27D78B-FF28-4F94-8653-D186AA869EDF}
	EndGlobalSection
EndGlobal
